// !$*UTF8*$!
{
	archiveVersion = 1;
	classes = {
	};
	objectVersion = 51;
	objects = {

/* Begin PBXBuildFile section */
		B25EFF6A26B694F8007417A0 /* CommandViewController.swift in Sources */ = {isa = PBXBuildFile; fileRef = B25EFF6926B694F8007417A0 /* CommandViewController.swift */; };
		B25EFF6E26B69E9C007417A0 /* CommandViewModel.swift in Sources */ = {isa = PBXBuildFile; fileRef = B25EFF6D26B69E9C007417A0 /* CommandViewModel.swift */; };
		B25EFF7226B6AAAB007417A0 /* GoogleService-Info.plist in Resources */ = {isa = PBXBuildFile; fileRef = B25EFF7126B6AAAB007417A0 /* GoogleService-Info.plist */; };
		B25EFF7626B6BD9B007417A0 /* DataManager.swift in Sources */ = {isa = PBXBuildFile; fileRef = B25EFF7526B6BD9B007417A0 /* DataManager.swift */; };
		B25EFF7D26B72A97007417A0 /* CommandDetailsResponse.swift in Sources */ = {isa = PBXBuildFile; fileRef = B25EFF7C26B72A97007417A0 /* CommandDetailsResponse.swift */; };
		B25EFF7F26B72E40007417A0 /* FirestoreError.swift in Sources */ = {isa = PBXBuildFile; fileRef = B25EFF7E26B72E40007417A0 /* FirestoreError.swift */; };
		B2BEC59A26D80A29006FE15B /* CommandManager.swift in Sources */ = {isa = PBXBuildFile; fileRef = B2BEC59926D80A29006FE15B /* CommandManager.swift */; };
		B2FC823A26D828AC00A48027 /* CommandType.swift in Sources */ = {isa = PBXBuildFile; fileRef = B2FC823926D828AC00A48027 /* CommandType.swift */; };
		C1D880D021CE1154F935AC05 /* Pods_ScanMe___NFC_reader.framework in Frameworks */ = {isa = PBXBuildFile; fileRef = C954248A3644630D98432BDB /* Pods_ScanMe___NFC_reader.framework */; };
		DA1DAD4526B1EBA4002FA5BD /* MainCoordinator.swift in Sources */ = {isa = PBXBuildFile; fileRef = DA1DAD4426B1EBA4002FA5BD /* MainCoordinator.swift */; };
		DA1DAD4826B1EE09002FA5BD /* UIViewController.swift in Sources */ = {isa = PBXBuildFile; fileRef = DA1DAD4726B1EE09002FA5BD /* UIViewController.swift */; };
		DAF44B012613371700883D19 /* AppDelegate.swift in Sources */ = {isa = PBXBuildFile; fileRef = DAF44B002613371700883D19 /* AppDelegate.swift */; };
		DAF44B032613371700883D19 /* SceneDelegate.swift in Sources */ = {isa = PBXBuildFile; fileRef = DAF44B022613371700883D19 /* SceneDelegate.swift */; };
		DAF44B052613371700883D19 /* HomeViewController.swift in Sources */ = {isa = PBXBuildFile; fileRef = DAF44B042613371700883D19 /* HomeViewController.swift */; };
		DAF44B082613371700883D19 /* Main.storyboard in Resources */ = {isa = PBXBuildFile; fileRef = DAF44B062613371700883D19 /* Main.storyboard */; };
		DAF44B0A2613371900883D19 /* Assets.xcassets in Resources */ = {isa = PBXBuildFile; fileRef = DAF44B092613371900883D19 /* Assets.xcassets */; };
		DAF44B0D2613371900883D19 /* LaunchScreen.storyboard in Resources */ = {isa = PBXBuildFile; fileRef = DAF44B0B2613371900883D19 /* LaunchScreen.storyboard */; };
		DAFF5E7D26A9F772004D469F /* HomeViewModel.swift in Sources */ = {isa = PBXBuildFile; fileRef = DAFF5E7C26A9F772004D469F /* HomeViewModel.swift */; };
		DAFF5E8026A9F908004D469F /* Constants.swift in Sources */ = {isa = PBXBuildFile; fileRef = DAFF5E7F26A9F908004D469F /* Constants.swift */; };
/* End PBXBuildFile section */

/* Begin PBXFileReference section */
		3A8F971CF87FAC50E5F6FC16 /* Pods-ScanMe - NFC reader.debug.xcconfig */ = {isa = PBXFileReference; includeInIndex = 1; lastKnownFileType = text.xcconfig; name = "Pods-ScanMe - NFC reader.debug.xcconfig"; path = "Target Support Files/Pods-ScanMe - NFC reader/Pods-ScanMe - NFC reader.debug.xcconfig"; sourceTree = "<group>"; };
		72272B49AA9FEE08073933A1 /* Pods-ScanMe - NFC reader.release.xcconfig */ = {isa = PBXFileReference; includeInIndex = 1; lastKnownFileType = text.xcconfig; name = "Pods-ScanMe - NFC reader.release.xcconfig"; path = "Target Support Files/Pods-ScanMe - NFC reader/Pods-ScanMe - NFC reader.release.xcconfig"; sourceTree = "<group>"; };
		B25EFF6926B694F8007417A0 /* CommandViewController.swift */ = {isa = PBXFileReference; lastKnownFileType = sourcecode.swift; path = CommandViewController.swift; sourceTree = "<group>"; };
		B25EFF6D26B69E9C007417A0 /* CommandViewModel.swift */ = {isa = PBXFileReference; lastKnownFileType = sourcecode.swift; path = CommandViewModel.swift; sourceTree = "<group>"; };
		B25EFF7126B6AAAB007417A0 /* GoogleService-Info.plist */ = {isa = PBXFileReference; fileEncoding = 4; lastKnownFileType = text.plist.xml; path = "GoogleService-Info.plist"; sourceTree = "<group>"; };
		B25EFF7526B6BD9B007417A0 /* DataManager.swift */ = {isa = PBXFileReference; lastKnownFileType = sourcecode.swift; path = DataManager.swift; sourceTree = "<group>"; };
		B25EFF7C26B72A97007417A0 /* CommandDetailsResponse.swift */ = {isa = PBXFileReference; lastKnownFileType = sourcecode.swift; name = CommandDetailsResponse.swift; path = "ScanMe - NFC reader/Models/CommandDetailsResponse.swift"; sourceTree = SOURCE_ROOT; };
		B25EFF7E26B72E40007417A0 /* FirestoreError.swift */ = {isa = PBXFileReference; lastKnownFileType = sourcecode.swift; name = FirestoreError.swift; path = "ScanMe - NFC reader/Models/FirestoreError.swift"; sourceTree = SOURCE_ROOT; };
		B2BEC59926D80A29006FE15B /* CommandManager.swift */ = {isa = PBXFileReference; lastKnownFileType = sourcecode.swift; path = CommandManager.swift; sourceTree = "<group>"; };
		B2FC823926D828AC00A48027 /* CommandType.swift */ = {isa = PBXFileReference; lastKnownFileType = sourcecode.swift; path = CommandType.swift; sourceTree = "<group>"; };
		C954248A3644630D98432BDB /* Pods_ScanMe___NFC_reader.framework */ = {isa = PBXFileReference; explicitFileType = wrapper.framework; includeInIndex = 0; path = "Pods_ScanMe___NFC_reader.framework"; sourceTree = BUILT_PRODUCTS_DIR; };
		DA0E3313265D6278006750A8 /* ScanMe - NFC reader.entitlements */ = {isa = PBXFileReference; fileEncoding = 4; lastKnownFileType = text.plist.entitlements; path = "ScanMe - NFC reader.entitlements"; sourceTree = "<group>"; };
		DA1DAD4426B1EBA4002FA5BD /* MainCoordinator.swift */ = {isa = PBXFileReference; lastKnownFileType = sourcecode.swift; path = MainCoordinator.swift; sourceTree = "<group>"; };
		DA1DAD4726B1EE09002FA5BD /* UIViewController.swift */ = {isa = PBXFileReference; lastKnownFileType = sourcecode.swift; path = UIViewController.swift; sourceTree = "<group>"; };
		DAF44AFD2613371700883D19 /* ScanMe - NFC reader.app */ = {isa = PBXFileReference; explicitFileType = wrapper.application; includeInIndex = 0; path = "ScanMe - NFC reader.app"; sourceTree = BUILT_PRODUCTS_DIR; };
		DAF44B002613371700883D19 /* AppDelegate.swift */ = {isa = PBXFileReference; lastKnownFileType = sourcecode.swift; path = AppDelegate.swift; sourceTree = "<group>"; };
		DAF44B022613371700883D19 /* SceneDelegate.swift */ = {isa = PBXFileReference; lastKnownFileType = sourcecode.swift; path = SceneDelegate.swift; sourceTree = "<group>"; };
		DAF44B042613371700883D19 /* HomeViewController.swift */ = {isa = PBXFileReference; lastKnownFileType = sourcecode.swift; path = HomeViewController.swift; sourceTree = "<group>"; };
		DAF44B072613371700883D19 /* Base */ = {isa = PBXFileReference; lastKnownFileType = file.storyboard; name = Base; path = Base.lproj/Main.storyboard; sourceTree = "<group>"; };
		DAF44B092613371900883D19 /* Assets.xcassets */ = {isa = PBXFileReference; lastKnownFileType = folder.assetcatalog; path = Assets.xcassets; sourceTree = "<group>"; };
		DAF44B0C2613371900883D19 /* Base */ = {isa = PBXFileReference; lastKnownFileType = file.storyboard; name = Base; path = Base.lproj/LaunchScreen.storyboard; sourceTree = "<group>"; };
		DAF44B0E2613371900883D19 /* Info.plist */ = {isa = PBXFileReference; lastKnownFileType = text.plist.xml; path = Info.plist; sourceTree = "<group>"; };
		DAFF5E7C26A9F772004D469F /* HomeViewModel.swift */ = {isa = PBXFileReference; lastKnownFileType = sourcecode.swift; path = HomeViewModel.swift; sourceTree = "<group>"; };
		DAFF5E7F26A9F908004D469F /* Constants.swift */ = {isa = PBXFileReference; lastKnownFileType = sourcecode.swift; path = Constants.swift; sourceTree = "<group>"; };
/* End PBXFileReference section */

/* Begin PBXFrameworksBuildPhase section */
		DAF44AFA2613371700883D19 /* Frameworks */ = {
			isa = PBXFrameworksBuildPhase;
			buildActionMask = 2147483647;
			files = (
				C1D880D021CE1154F935AC05 /* Pods_ScanMe___NFC_reader.framework in Frameworks */,
			);
			runOnlyForDeploymentPostprocessing = 0;
		};
/* End PBXFrameworksBuildPhase section */

/* Begin PBXGroup section */
		1B3506EC6728EC363201E3D5 /* Pods */ = {
			isa = PBXGroup;
			children = (
				3A8F971CF87FAC50E5F6FC16 /* Pods-ScanMe - NFC reader.debug.xcconfig */,
				72272B49AA9FEE08073933A1 /* Pods-ScanMe - NFC reader.release.xcconfig */,
			);
			path = Pods;
			sourceTree = "<group>";
		};
		95BA40608F7C850E88D83DCA /* Frameworks */ = {
			isa = PBXGroup;
			children = (
				C954248A3644630D98432BDB /* Pods_ScanMe___NFC_reader.framework */,
			);
			name = Frameworks;
			sourceTree = "<group>";
		};
		B25EFF6826B69347007417A0 /* Command */ = {
			isa = PBXGroup;
			children = (
				B25EFF6926B694F8007417A0 /* CommandViewController.swift */,
				B25EFF6D26B69E9C007417A0 /* CommandViewModel.swift */,
			);
			path = Command;
			sourceTree = "<group>";
		};
		B25EFF6C26B69E07007417A0 /* Scenes */ = {
			isa = PBXGroup;
			children = (
				DA1DAD4426B1EBA4002FA5BD /* MainCoordinator.swift */,
				DAF44B062613371700883D19 /* Main.storyboard */,
				DA3159382639FBC600141617 /* Home */,
				B25EFF6826B69347007417A0 /* Command */,
			);
			path = Scenes;
			sourceTree = "<group>";
		};
		B25EFF7426B6BD8C007417A0 /* Managers */ = {
			isa = PBXGroup;
			children = (
				B25EFF7526B6BD9B007417A0 /* DataManager.swift */,
				B2BEC59926D80A29006FE15B /* CommandManager.swift */,
			);
			path = Managers;
			sourceTree = "<group>";
		};
		B25EFF8126B73D49007417A0 /* Models */ = {
			isa = PBXGroup;
			children = (
				B25EFF7C26B72A97007417A0 /* CommandDetailsResponse.swift */,
				B25EFF7E26B72E40007417A0 /* FirestoreError.swift */,
				B2FC823926D828AC00A48027 /* CommandType.swift */,
			);
			path = Models;
			sourceTree = "<group>";
		};
		DA1DAD4626B1EDDF002FA5BD /* Extensions */ = {
			isa = PBXGroup;
			children = (
				DA1DAD4726B1EE09002FA5BD /* UIViewController.swift */,
			);
			path = Extensions;
			sourceTree = "<group>";
		};
		DA3159382639FBC600141617 /* Home */ = {
			isa = PBXGroup;
			children = (
				DAF44B042613371700883D19 /* HomeViewController.swift */,
				DAFF5E7C26A9F772004D469F /* HomeViewModel.swift */,
			);
			path = Home;
			sourceTree = "<group>";
		};
		DA3159392639FC1000141617 /* App */ = {
			isa = PBXGroup;
			children = (
				DAF44B002613371700883D19 /* AppDelegate.swift */,
				DAF44B022613371700883D19 /* SceneDelegate.swift */,
				DAF44B0B2613371900883D19 /* LaunchScreen.storyboard */,
			);
			path = App;
			sourceTree = "<group>";
		};
		DAF44AF42613371700883D19 = {
			isa = PBXGroup;
			children = (
				DAF44AFF2613371700883D19 /* ScanMe - NFC reader */,
				DAF44AFE2613371700883D19 /* Products */,
				1B3506EC6728EC363201E3D5 /* Pods */,
				95BA40608F7C850E88D83DCA /* Frameworks */,
			);
			sourceTree = "<group>";
		};
		DAF44AFE2613371700883D19 /* Products */ = {
			isa = PBXGroup;
			children = (
				DAF44AFD2613371700883D19 /* ScanMe - NFC reader.app */,
			);
			name = Products;
			sourceTree = "<group>";
		};
		DAF44AFF2613371700883D19 /* ScanMe - NFC reader */ = {
			isa = PBXGroup;
			children = (
				B25EFF8126B73D49007417A0 /* Models */,
				B25EFF7426B6BD8C007417A0 /* Managers */,
				DA3159392639FC1000141617 /* App */,
				DA1DAD4626B1EDDF002FA5BD /* Extensions */,
				B25EFF6C26B69E07007417A0 /* Scenes */,
				DAFF5E7E26A9F8A5004D469F /* Supporting files */,
			);
			path = "ScanMe - NFC reader";
			sourceTree = "<group>";
		};
		DAFF5E7E26A9F8A5004D469F /* Supporting files */ = {
			isa = PBXGroup;
			children = (
				B25EFF7126B6AAAB007417A0 /* GoogleService-Info.plist */,
				DAF44B0E2613371900883D19 /* Info.plist */,
				DA0E3313265D6278006750A8 /* ScanMe - NFC reader.entitlements */,
				DAF44B092613371900883D19 /* Assets.xcassets */,
				DAFF5E7F26A9F908004D469F /* Constants.swift */,
			);
			path = "Supporting files";
			sourceTree = "<group>";
		};
/* End PBXGroup section */

/* Begin PBXNativeTarget section */
		DAF44AFC2613371700883D19 /* ScanMe - NFC reader */ = {
			isa = PBXNativeTarget;
			buildConfigurationList = DAF44B112613371900883D19 /* Build configuration list for PBXNativeTarget "ScanMe - NFC reader" */;
			buildPhases = (
				69B0EDEA988EBAB0AAC95C5B /* [CP] Check Pods Manifest.lock */,
				DAF44AF92613371700883D19 /* Sources */,
				DAF44AFA2613371700883D19 /* Frameworks */,
				DAF44AFB2613371700883D19 /* Resources */,
				36BE9FB30F9F5929AF4A66D9 /* [CP] Embed Pods Frameworks */,
			);
			buildRules = (
			);
			dependencies = (
			);
			name = "ScanMe - NFC reader";
			productName = "ScanMe - NFC reader";
			productReference = DAF44AFD2613371700883D19 /* ScanMe - NFC reader.app */;
			productType = "com.apple.product-type.application";
		};
/* End PBXNativeTarget section */

/* Begin PBXProject section */
		DAF44AF52613371700883D19 /* Project object */ = {
			isa = PBXProject;
			attributes = {
				LastSwiftUpdateCheck = 1240;
				LastUpgradeCheck = 1240;
				TargetAttributes = {
					DAF44AFC2613371700883D19 = {
						CreatedOnToolsVersion = 12.4;
					};
				};
			};
			buildConfigurationList = DAF44AF82613371700883D19 /* Build configuration list for PBXProject "ScanMe - NFC reader" */;
			compatibilityVersion = "Xcode 9.3";
			developmentRegion = en;
			hasScannedForEncodings = 0;
			knownRegions = (
				en,
				Base,
			);
			mainGroup = DAF44AF42613371700883D19;
			productRefGroup = DAF44AFE2613371700883D19 /* Products */;
			projectDirPath = "";
			projectRoot = "";
			targets = (
				DAF44AFC2613371700883D19 /* ScanMe - NFC reader */,
			);
		};
/* End PBXProject section */

/* Begin PBXResourcesBuildPhase section */
		DAF44AFB2613371700883D19 /* Resources */ = {
			isa = PBXResourcesBuildPhase;
			buildActionMask = 2147483647;
			files = (
				DAF44B0D2613371900883D19 /* LaunchScreen.storyboard in Resources */,
				B25EFF7226B6AAAB007417A0 /* GoogleService-Info.plist in Resources */,
				DAF44B0A2613371900883D19 /* Assets.xcassets in Resources */,
				DAF44B082613371700883D19 /* Main.storyboard in Resources */,
			);
			runOnlyForDeploymentPostprocessing = 0;
		};
/* End PBXResourcesBuildPhase section */

/* Begin PBXShellScriptBuildPhase section */
		36BE9FB30F9F5929AF4A66D9 /* [CP] Embed Pods Frameworks */ = {
			isa = PBXShellScriptBuildPhase;
			buildActionMask = 2147483647;
			files = (
			);
			inputFileListPaths = (
				"${PODS_ROOT}/Target Support Files/Pods-ScanMe - NFC reader/Pods-ScanMe - NFC reader-frameworks-${CONFIGURATION}-input-files.xcfilelist",
			);
			name = "[CP] Embed Pods Frameworks";
			outputFileListPaths = (
				"${PODS_ROOT}/Target Support Files/Pods-ScanMe - NFC reader/Pods-ScanMe - NFC reader-frameworks-${CONFIGURATION}-output-files.xcfilelist",
			);
			runOnlyForDeploymentPostprocessing = 0;
			shellPath = /bin/sh;
			shellScript = "\"${PODS_ROOT}/Target Support Files/Pods-ScanMe - NFC reader/Pods-ScanMe - NFC reader-frameworks.sh\"\n";
			showEnvVarsInLog = 0;
		};
		69B0EDEA988EBAB0AAC95C5B /* [CP] Check Pods Manifest.lock */ = {
			isa = PBXShellScriptBuildPhase;
			buildActionMask = 2147483647;
			files = (
			);
			inputFileListPaths = (
			);
			inputPaths = (
				"${PODS_PODFILE_DIR_PATH}/Podfile.lock",
				"${PODS_ROOT}/Manifest.lock",
			);
			name = "[CP] Check Pods Manifest.lock";
			outputFileListPaths = (
			);
			outputPaths = (
				"$(DERIVED_FILE_DIR)/Pods-ScanMe - NFC reader-checkManifestLockResult.txt",
			);
			runOnlyForDeploymentPostprocessing = 0;
			shellPath = /bin/sh;
			shellScript = "diff \"${PODS_PODFILE_DIR_PATH}/Podfile.lock\" \"${PODS_ROOT}/Manifest.lock\" > /dev/null\nif [ $? != 0 ] ; then\n    # print error to STDERR\n    echo \"error: The sandbox is not in sync with the Podfile.lock. Run 'pod install' or update your CocoaPods installation.\" >&2\n    exit 1\nfi\n# This output is used by Xcode 'outputs' to avoid re-running this script phase.\necho \"SUCCESS\" > \"${SCRIPT_OUTPUT_FILE_0}\"\n";
			showEnvVarsInLog = 0;
		};
/* End PBXShellScriptBuildPhase section */

/* Begin PBXSourcesBuildPhase section */
		DAF44AF92613371700883D19 /* Sources */ = {
			isa = PBXSourcesBuildPhase;
			buildActionMask = 2147483647;
			files = (
				B25EFF7D26B72A97007417A0 /* CommandDetailsResponse.swift in Sources */,
				DA1DAD4826B1EE09002FA5BD /* UIViewController.swift in Sources */,
				DAFF5E8026A9F908004D469F /* Constants.swift in Sources */,
				B2BEC59A26D80A29006FE15B /* CommandManager.swift in Sources */,
				B25EFF7626B6BD9B007417A0 /* DataManager.swift in Sources */,
				DAF44B052613371700883D19 /* HomeViewController.swift in Sources */,
				DAF44B012613371700883D19 /* AppDelegate.swift in Sources */,
				B2FC823A26D828AC00A48027 /* CommandType.swift in Sources */,
				B25EFF6A26B694F8007417A0 /* CommandViewController.swift in Sources */,
				DAF44B032613371700883D19 /* SceneDelegate.swift in Sources */,
				B25EFF7F26B72E40007417A0 /* FirestoreError.swift in Sources */,
				DAFF5E7D26A9F772004D469F /* HomeViewModel.swift in Sources */,
				DA1DAD4526B1EBA4002FA5BD /* MainCoordinator.swift in Sources */,
				B25EFF6E26B69E9C007417A0 /* CommandViewModel.swift in Sources */,
			);
			runOnlyForDeploymentPostprocessing = 0;
		};
/* End PBXSourcesBuildPhase section */

/* Begin PBXVariantGroup section */
		DAF44B062613371700883D19 /* Main.storyboard */ = {
			isa = PBXVariantGroup;
			children = (
				DAF44B072613371700883D19 /* Base */,
			);
			name = Main.storyboard;
			sourceTree = "<group>";
		};
		DAF44B0B2613371900883D19 /* LaunchScreen.storyboard */ = {
			isa = PBXVariantGroup;
			children = (
				DAF44B0C2613371900883D19 /* Base */,
			);
			name = LaunchScreen.storyboard;
			sourceTree = "<group>";
		};
/* End PBXVariantGroup section */

/* Begin XCBuildConfiguration section */
		DAF44B0F2613371900883D19 /* Debug */ = {
			isa = XCBuildConfiguration;
			buildSettings = {
				ALWAYS_SEARCH_USER_PATHS = NO;
				CLANG_ANALYZER_NONNULL = YES;
				CLANG_ANALYZER_NUMBER_OBJECT_CONVERSION = YES_AGGRESSIVE;
				CLANG_CXX_LANGUAGE_STANDARD = "gnu++14";
				CLANG_CXX_LIBRARY = "libc++";
				CLANG_ENABLE_MODULES = YES;
				CLANG_ENABLE_OBJC_ARC = YES;
				CLANG_ENABLE_OBJC_WEAK = YES;
				CLANG_WARN_BLOCK_CAPTURE_AUTORELEASING = YES;
				CLANG_WARN_BOOL_CONVERSION = YES;
				CLANG_WARN_COMMA = YES;
				CLANG_WARN_CONSTANT_CONVERSION = YES;
				CLANG_WARN_DEPRECATED_OBJC_IMPLEMENTATIONS = YES;
				CLANG_WARN_DIRECT_OBJC_ISA_USAGE = YES_ERROR;
				CLANG_WARN_DOCUMENTATION_COMMENTS = YES;
				CLANG_WARN_EMPTY_BODY = YES;
				CLANG_WARN_ENUM_CONVERSION = YES;
				CLANG_WARN_INFINITE_RECURSION = YES;
				CLANG_WARN_INT_CONVERSION = YES;
				CLANG_WARN_NON_LITERAL_NULL_CONVERSION = YES;
				CLANG_WARN_OBJC_IMPLICIT_RETAIN_SELF = YES;
				CLANG_WARN_OBJC_LITERAL_CONVERSION = YES;
				CLANG_WARN_OBJC_ROOT_CLASS = YES_ERROR;
				CLANG_WARN_QUOTED_INCLUDE_IN_FRAMEWORK_HEADER = YES;
				CLANG_WARN_RANGE_LOOP_ANALYSIS = YES;
				CLANG_WARN_STRICT_PROTOTYPES = YES;
				CLANG_WARN_SUSPICIOUS_MOVE = YES;
				CLANG_WARN_UNGUARDED_AVAILABILITY = YES_AGGRESSIVE;
				CLANG_WARN_UNREACHABLE_CODE = YES;
				CLANG_WARN__DUPLICATE_METHOD_MATCH = YES;
				COPY_PHASE_STRIP = NO;
				DEBUG_INFORMATION_FORMAT = dwarf;
				ENABLE_STRICT_OBJC_MSGSEND = YES;
				ENABLE_TESTABILITY = YES;
				GCC_C_LANGUAGE_STANDARD = gnu11;
				GCC_DYNAMIC_NO_PIC = NO;
				GCC_NO_COMMON_BLOCKS = YES;
				GCC_OPTIMIZATION_LEVEL = 0;
				GCC_PREPROCESSOR_DEFINITIONS = (
					"DEBUG=1",
					"$(inherited)",
				);
				GCC_WARN_64_TO_32_BIT_CONVERSION = YES;
				GCC_WARN_ABOUT_RETURN_TYPE = YES_ERROR;
				GCC_WARN_UNDECLARED_SELECTOR = YES;
				GCC_WARN_UNINITIALIZED_AUTOS = YES_AGGRESSIVE;
				GCC_WARN_UNUSED_FUNCTION = YES;
				GCC_WARN_UNUSED_VARIABLE = YES;
				IPHONEOS_DEPLOYMENT_TARGET = 14.4;
				MTL_ENABLE_DEBUG_INFO = INCLUDE_SOURCE;
				MTL_FAST_MATH = YES;
				ONLY_ACTIVE_ARCH = YES;
				SDKROOT = iphoneos;
				SWIFT_ACTIVE_COMPILATION_CONDITIONS = DEBUG;
				SWIFT_OPTIMIZATION_LEVEL = "-Onone";
			};
			name = Debug;
		};
		DAF44B102613371900883D19 /* Release */ = {
			isa = XCBuildConfiguration;
			buildSettings = {
				ALWAYS_SEARCH_USER_PATHS = NO;
				CLANG_ANALYZER_NONNULL = YES;
				CLANG_ANALYZER_NUMBER_OBJECT_CONVERSION = YES_AGGRESSIVE;
				CLANG_CXX_LANGUAGE_STANDARD = "gnu++14";
				CLANG_CXX_LIBRARY = "libc++";
				CLANG_ENABLE_MODULES = YES;
				CLANG_ENABLE_OBJC_ARC = YES;
				CLANG_ENABLE_OBJC_WEAK = YES;
				CLANG_WARN_BLOCK_CAPTURE_AUTORELEASING = YES;
				CLANG_WARN_BOOL_CONVERSION = YES;
				CLANG_WARN_COMMA = YES;
				CLANG_WARN_CONSTANT_CONVERSION = YES;
				CLANG_WARN_DEPRECATED_OBJC_IMPLEMENTATIONS = YES;
				CLANG_WARN_DIRECT_OBJC_ISA_USAGE = YES_ERROR;
				CLANG_WARN_DOCUMENTATION_COMMENTS = YES;
				CLANG_WARN_EMPTY_BODY = YES;
				CLANG_WARN_ENUM_CONVERSION = YES;
				CLANG_WARN_INFINITE_RECURSION = YES;
				CLANG_WARN_INT_CONVERSION = YES;
				CLANG_WARN_NON_LITERAL_NULL_CONVERSION = YES;
				CLANG_WARN_OBJC_IMPLICIT_RETAIN_SELF = YES;
				CLANG_WARN_OBJC_LITERAL_CONVERSION = YES;
				CLANG_WARN_OBJC_ROOT_CLASS = YES_ERROR;
				CLANG_WARN_QUOTED_INCLUDE_IN_FRAMEWORK_HEADER = YES;
				CLANG_WARN_RANGE_LOOP_ANALYSIS = YES;
				CLANG_WARN_STRICT_PROTOTYPES = YES;
				CLANG_WARN_SUSPICIOUS_MOVE = YES;
				CLANG_WARN_UNGUARDED_AVAILABILITY = YES_AGGRESSIVE;
				CLANG_WARN_UNREACHABLE_CODE = YES;
				CLANG_WARN__DUPLICATE_METHOD_MATCH = YES;
				COPY_PHASE_STRIP = NO;
				DEBUG_INFORMATION_FORMAT = "dwarf-with-dsym";
				ENABLE_NS_ASSERTIONS = NO;
				ENABLE_STRICT_OBJC_MSGSEND = YES;
				GCC_C_LANGUAGE_STANDARD = gnu11;
				GCC_NO_COMMON_BLOCKS = YES;
				GCC_WARN_64_TO_32_BIT_CONVERSION = YES;
				GCC_WARN_ABOUT_RETURN_TYPE = YES_ERROR;
				GCC_WARN_UNDECLARED_SELECTOR = YES;
				GCC_WARN_UNINITIALIZED_AUTOS = YES_AGGRESSIVE;
				GCC_WARN_UNUSED_FUNCTION = YES;
				GCC_WARN_UNUSED_VARIABLE = YES;
				IPHONEOS_DEPLOYMENT_TARGET = 14.4;
				MTL_ENABLE_DEBUG_INFO = NO;
				MTL_FAST_MATH = YES;
				SDKROOT = iphoneos;
				SWIFT_COMPILATION_MODE = wholemodule;
				SWIFT_OPTIMIZATION_LEVEL = "-O";
				VALIDATE_PRODUCT = YES;
			};
			name = Release;
		};
		DAF44B122613371900883D19 /* Debug */ = {
			isa = XCBuildConfiguration;
			baseConfigurationReference = 3A8F971CF87FAC50E5F6FC16 /* Pods-ScanMe - NFC reader.debug.xcconfig */;
			buildSettings = {
				ASSETCATALOG_COMPILER_APPICON_NAME = AppIcon;
				ASSETCATALOG_COMPILER_GLOBAL_ACCENT_COLOR_NAME = AccentColor;
				CODE_SIGN_ENTITLEMENTS = "ScanMe - NFC reader/Supporting files/ScanMe - NFC reader.entitlements";
				CODE_SIGN_IDENTITY = "Apple Development";
				CODE_SIGN_STYLE = Automatic;
				DEVELOPMENT_TEAM = 76Y8JYYXLJ;
				INFOPLIST_FILE = "ScanMe - NFC reader/Supporting files/Info.plist";
				IPHONEOS_DEPLOYMENT_TARGET = 13.0;
				LD_RUNPATH_SEARCH_PATHS = (
					"$(inherited)",
					"@executable_path/Frameworks",
				);
				PRODUCT_BUNDLE_IDENTIFIER = lovemyiot.ScanMe;
				PRODUCT_NAME = "$(TARGET_NAME)";
				PROVISIONING_PROFILE_SPECIFIER = "";
				SWIFT_VERSION = 5.0;
				TARGETED_DEVICE_FAMILY = 1;
			};
			name = Debug;
		};
		DAF44B132613371900883D19 /* Release */ = {
			isa = XCBuildConfiguration;
			baseConfigurationReference = 72272B49AA9FEE08073933A1 /* Pods-ScanMe - NFC reader.release.xcconfig */;
			buildSettings = {
				ASSETCATALOG_COMPILER_APPICON_NAME = AppIcon;
				ASSETCATALOG_COMPILER_GLOBAL_ACCENT_COLOR_NAME = AccentColor;
				CODE_SIGN_ENTITLEMENTS = "ScanMe - NFC reader/Supporting files/ScanMe - NFC reader.entitlements";
				CODE_SIGN_IDENTITY = "Apple Development";
				CODE_SIGN_STYLE = Automatic;
				DEVELOPMENT_TEAM = 76Y8JYYXLJ;
				INFOPLIST_FILE = "ScanMe - NFC reader/Supporting files/Info.plist";
				IPHONEOS_DEPLOYMENT_TARGET = 13.0;
				LD_RUNPATH_SEARCH_PATHS = (
					"$(inherited)",
					"@executable_path/Frameworks",
				);
				PRODUCT_BUNDLE_IDENTIFIER = lovemyiot.ScanMe;
				PRODUCT_NAME = "$(TARGET_NAME)";
				PROVISIONING_PROFILE_SPECIFIER = "";
				SWIFT_VERSION = 5.0;
				TARGETED_DEVICE_FAMILY = 1;
			};
			name = Release;
		};
/* End XCBuildConfiguration section */

/* Begin XCConfigurationList section */
		DAF44AF82613371700883D19 /* Build configuration list for PBXProject "ScanMe - NFC reader" */ = {
			isa = XCConfigurationList;
			buildConfigurations = (
				DAF44B0F2613371900883D19 /* Debug */,
				DAF44B102613371900883D19 /* Release */,
			);
			defaultConfigurationIsVisible = 0;
			defaultConfigurationName = Release;
		};
		DAF44B112613371900883D19 /* Build configuration list for PBXNativeTarget "ScanMe - NFC reader" */ = {
			isa = XCConfigurationList;
			buildConfigurations = (
				DAF44B122613371900883D19 /* Debug */,
				DAF44B132613371900883D19 /* Release */,
			);
			defaultConfigurationIsVisible = 0;
			defaultConfigurationName = Release;
		};
/* End XCConfigurationList section */
	};
	rootObject = DAF44AF52613371700883D19 /* Project object */;
}
